
Microsoft Visual Studio Solution File, Format Version 12.00
# Visual Studio Version 16
VisualStudioVersion = 16.0.29123.89
MinimumVisualStudioVersion = 10.0.40219.1
Project("{FAE04EC0-301F-11D3-BF4B-00C04F79EFBC}") = "ReactiveSearch.Android", "ReactiveSearch\ReactiveSearch.Android\ReactiveSearch.Android.csproj", "{6D2D782F-218C-4034-9014-E5F1B72C17C8}"
EndProject
Project("{FAE04EC0-301F-11D3-BF4B-00C04F79EFBC}") = "ReactiveSearch.iOS", "ReactiveSearch\ReactiveSearch.iOS\ReactiveSearch.iOS.csproj", "{A929CA4A-CB17-4EEA-B551-CFFD0C6DC585}"
EndProject
Project("{FAE04EC0-301F-11D3-BF4B-00C04F79EFBC}") = "ReactiveSearch", "ReactiveSearch\ReactiveSearch\ReactiveSearch.csproj", "{C7BBD9B0-2DF6-4BE6-B876-3B17782749DF}"
EndProject
Global
	GlobalSection(SolutionConfigurationPlatforms) = preSolution
		Debug|Any CPU = Debug|Any CPU
		Debug|iPhone = Debug|iPhone
		Debug|iPhoneSimulator = Debug|iPhoneSimulator
		Release|Any CPU = Release|Any CPU
		Release|iPhone = Release|iPhone
		Release|iPhoneSimulator = Release|iPhoneSimulator
	EndGlobalSection
	GlobalSection(ProjectConfigurationPlatforms) = postSolution
		{6D2D782F-218C-4034-9014-E5F1B72C17C8}.Debug|Any CPU.ActiveCfg = Debug|Any CPU
		{6D2D782F-218C-4034-9014-E5F1B72C17C8}.Debug|Any CPU.Build.0 = Debug|Any CPU
		{6D2D782F-218C-4034-9014-E5F1B72C17C8}.Debug|Any CPU.Deploy.0 = Debug|Any CPU
		{6D2D782F-218C-4034-9014-E5F1B72C17C8}.Debug|iPhone.ActiveCfg = Debug|Any CPU
		{6D2D782F-218C-4034-9014-E5F1B72C17C8}.Debug|iPhoneSimulator.ActiveCfg = Debug|Any CPU
		{6D2D782F-218C-4034-9014-E5F1B72C17C8}.Release|Any CPU.ActiveCfg = Release|Any CPU
		{6D2D782F-218C-4034-9014-E5F1B72C17C8}.Release|Any CPU.Build.0 = Release|Any CPU
		{6D2D782F-218C-4034-9014-E5F1B72C17C8}.Release|Any CPU.Deploy.0 = Release|Any CPU
		{6D2D782F-218C-4034-9014-E5F1B72C17C8}.Release|iPhone.ActiveCfg = Release|Any CPU
		{6D2D782F-218C-4034-9014-E5F1B72C17C8}.Release|iPhoneSimulator.ActiveCfg = Release|Any CPU
		{A929CA4A-CB17-4EEA-B551-CFFD0C6DC585}.Debug|Any CPU.ActiveCfg = Debug|iPhoneSimulator
		{A929CA4A-CB17-4EEA-B551-CFFD0C6DC585}.Debug|Any CPU.Build.0 = Debug|iPhoneSimulator
		{A929CA4A-CB17-4EEA-B551-CFFD0C6DC585}.Debug|Any CPU.Deploy.0 = Debug|iPhoneSimulator
		{A929CA4A-CB17-4EEA-B551-CFFD0C6DC585}.Debug|iPhone.ActiveCfg = Debug|iPhone
		{A929CA4A-CB17-4EEA-B551-CFFD0C6DC585}.Debug|iPhone.Build.0 = Debug|iPhone
		{A929CA4A-CB17-4EEA-B551-CFFD0C6DC585}.Debug|iPhone.Deploy.0 = Debug|iPhone
		{A929CA4A-CB17-4EEA-B551-CFFD0C6DC585}.Debug|iPhoneSimulator.ActiveCfg = Debug|iPhoneSimulator
		{A929CA4A-CB17-4EEA-B551-CFFD0C6DC585}.Debug|iPhoneSimulator.Build.0 = Debug|iPhoneSimulator
		{A929CA4A-CB17-4EEA-B551-CFFD0C6DC585}.Debug|iPhoneSimulator.Deploy.0 = Debug|iPhoneSimulator
		{A929CA4A-CB17-4EEA-B551-CFFD0C6DC585}.Release|Any CPU.ActiveCfg = Release|iPhone
		{A929CA4A-CB17-4EEA-B551-CFFD0C6DC585}.Release|Any CPU.Build.0 = Release|iPhone
		{A929CA4A-CB17-4EEA-B551-CFFD0C6DC585}.Release|Any CPU.Deploy.0 = Release|iPhone
		{A929CA4A-CB17-4EEA-B551-CFFD0C6DC585}.Release|iPhone.ActiveCfg = Release|iPhone
		{A929CA4A-CB17-4EEA-B551-CFFD0C6DC585}.Release|iPhone.Build.0 = Release|iPhone
		{A929CA4A-CB17-4EEA-B551-CFFD0C6DC585}.Release|iPhone.Deploy.0 = Release|iPhone
		{A929CA4A-CB17-4EEA-B551-CFFD0C6DC585}.Release|iPhoneSimulator.ActiveCfg = Release|iPhoneSimulator
		{A929CA4A-CB17-4EEA-B551-CFFD0C6DC585}.Release|iPhoneSimulator.Build.0 = Release|iPhoneSimulator
		{A929CA4A-CB17-4EEA-B551-CFFD0C6DC585}.Release|iPhoneSimulator.Deploy.0 = Release|iPhoneSimulator
		{C7BBD9B0-2DF6-4BE6-B876-3B17782749DF}.Debug|Any CPU.ActiveCfg = Debug|Any CPU
		{C7BBD9B0-2DF6-4BE6-B876-3B17782749DF}.Debug|Any CPU.Build.0 = Debug|Any CPU
		{C7BBD9B0-2DF6-4BE6-B876-3B17782749DF}.Debug|Any CPU.Deploy.0 = Debug|Any CPU
		{C7BBD9B0-2DF6-4BE6-B876-3B17782749DF}.Debug|iPhone.ActiveCfg = Debug|Any CPU
		{C7BBD9B0-2DF6-4BE6-B876-3B17782749DF}.Debug|iPhone.Build.0 = Debug|Any CPU
		{C7BBD9B0-2DF6-4BE6-B876-3B17782749DF}.Debug|iPhone.Deploy.0 = Debug|Any CPU
		{C7BBD9B0-2DF6-4BE6-B876-3B17782749DF}.Debug|iPhoneSimulator.ActiveCfg = Debug|Any CPU
		{C7BBD9B0-2DF6-4BE6-B876-3B17782749DF}.Debug|iPhoneSimulator.Build.0 = Debug|Any CPU
		{C7BBD9B0-2DF6-4BE6-B876-3B17782749DF}.Debug|iPhoneSimulator.Deploy.0 = Debug|Any CPU
		{C7BBD9B0-2DF6-4BE6-B876-3B17782749DF}.Release|Any CPU.ActiveCfg = Release|Any CPU
		{C7BBD9B0-2DF6-4BE6-B876-3B17782749DF}.Release|Any CPU.Build.0 = Release|Any CPU
		{C7BBD9B0-2DF6-4BE6-B876-3B17782749DF}.Release|Any CPU.Deploy.0 = Release|Any CPU
		{C7BBD9B0-2DF6-4BE6-B876-3B17782749DF}.Release|iPhone.ActiveCfg = Release|Any CPU
		{C7BBD9B0-2DF6-4BE6-B876-3B17782749DF}.Release|iPhone.Build.0 = Release|Any CPU
		{C7BBD9B0-2DF6-4BE6-B876-3B17782749DF}.Release|iPhone.Deploy.0 = Release|Any CPU
		{C7BBD9B0-2DF6-4BE6-B876-3B17782749DF}.Release|iPhoneSimulator.ActiveCfg = Release|Any CPU
		{C7BBD9B0-2DF6-4BE6-B876-3B17782749DF}.Release|iPhoneSimulator.Build.0 = Release|Any CPU
		{C7BBD9B0-2DF6-4BE6-B876-3B17782749DF}.Release|iPhoneSimulator.Deploy.0 = Release|Any CPU
	EndGlobalSection
	GlobalSection(SolutionProperties) = preSolution
		HideSolutionNode = FALSE
	EndGlobalSection
	GlobalSection(ExtensibilityGlobals) = postSolution
		SolutionGuid = {4C2D717B-6836-40BD-A8B7-016AC06535EC}
	EndGlobalSection
EndGlobal
