
Microsoft Visual Studio Solution File, Format Version 12.00
# Visual Studio Version 16
VisualStudioVersion = 16.0.29123.89
MinimumVisualStudioVersion = 10.0.40219.1
Project("{FAE04EC0-301F-11D3-BF4B-00C04F79EFBC}") = "ReactiveSearch.Android", "ReactiveSearch\ReactiveSearch.Android\ReactiveSearch.Android.csproj", "{4CBD9D59-8854-48AC-8447-A688050F1F3A}"
EndProject
Project("{FAE04EC0-301F-11D3-BF4B-00C04F79EFBC}") = "ReactiveSearch.iOS", "ReactiveSearch\ReactiveSearch.iOS\ReactiveSearch.iOS.csproj", "{48A242D0-1669-4A4E-BB40-A2081847E4BA}"
EndProject
Project("{9A19103F-16F7-4668-BE54-9A1E7A4F7556}") = "ReactiveSearch", "ReactiveSearch\ReactiveSearch\ReactiveSearch.csproj", "{C2A8D1CC-F69C-446D-9B52-A1BCD85838C8}"
EndProject
Global
	GlobalSection(SolutionConfigurationPlatforms) = preSolution
		Ad-Hoc|Any CPU = Ad-Hoc|Any CPU
		Ad-Hoc|iPhone = Ad-Hoc|iPhone
		Ad-Hoc|iPhoneSimulator = Ad-Hoc|iPhoneSimulator
		AppStore|Any CPU = AppStore|Any CPU
		AppStore|iPhone = AppStore|iPhone
		AppStore|iPhoneSimulator = AppStore|iPhoneSimulator
		Debug|Any CPU = Debug|Any CPU
		Debug|iPhone = Debug|iPhone
		Debug|iPhoneSimulator = Debug|iPhoneSimulator
		Release|Any CPU = Release|Any CPU
		Release|iPhone = Release|iPhone
		Release|iPhoneSimulator = Release|iPhoneSimulator
	EndGlobalSection
	GlobalSection(ProjectConfigurationPlatforms) = postSolution
		{4CBD9D59-8854-48AC-8447-A688050F1F3A}.Ad-Hoc|Any CPU.ActiveCfg = Release|Any CPU
		{4CBD9D59-8854-48AC-8447-A688050F1F3A}.Ad-Hoc|Any CPU.Build.0 = Release|Any CPU
		{4CBD9D59-8854-48AC-8447-A688050F1F3A}.Ad-Hoc|Any CPU.Deploy.0 = Release|Any CPU
		{4CBD9D59-8854-48AC-8447-A688050F1F3A}.Ad-Hoc|iPhone.ActiveCfg = Release|Any CPU
		{4CBD9D59-8854-48AC-8447-A688050F1F3A}.Ad-Hoc|iPhoneSimulator.ActiveCfg = Release|Any CPU
		{4CBD9D59-8854-48AC-8447-A688050F1F3A}.AppStore|Any CPU.ActiveCfg = Release|Any CPU
		{4CBD9D59-8854-48AC-8447-A688050F1F3A}.AppStore|Any CPU.Build.0 = Release|Any CPU
		{4CBD9D59-8854-48AC-8447-A688050F1F3A}.AppStore|Any CPU.Deploy.0 = Release|Any CPU
		{4CBD9D59-8854-48AC-8447-A688050F1F3A}.AppStore|iPhone.ActiveCfg = Release|Any CPU
		{4CBD9D59-8854-48AC-8447-A688050F1F3A}.AppStore|iPhoneSimulator.ActiveCfg = Release|Any CPU
		{4CBD9D59-8854-48AC-8447-A688050F1F3A}.Debug|Any CPU.ActiveCfg = Debug|Any CPU
		{4CBD9D59-8854-48AC-8447-A688050F1F3A}.Debug|Any CPU.Build.0 = Debug|Any CPU
		{4CBD9D59-8854-48AC-8447-A688050F1F3A}.Debug|Any CPU.Deploy.0 = Debug|Any CPU
		{4CBD9D59-8854-48AC-8447-A688050F1F3A}.Debug|iPhone.ActiveCfg = Debug|Any CPU
		{4CBD9D59-8854-48AC-8447-A688050F1F3A}.Debug|iPhone.Build.0 = Debug|Any CPU
		{4CBD9D59-8854-48AC-8447-A688050F1F3A}.Debug|iPhone.Deploy.0 = Debug|Any CPU
		{4CBD9D59-8854-48AC-8447-A688050F1F3A}.Debug|iPhoneSimulator.ActiveCfg = Debug|Any CPU
		{4CBD9D59-8854-48AC-8447-A688050F1F3A}.Debug|iPhoneSimulator.Build.0 = Debug|Any CPU
		{4CBD9D59-8854-48AC-8447-A688050F1F3A}.Debug|iPhoneSimulator.Deploy.0 = Debug|Any CPU
		{4CBD9D59-8854-48AC-8447-A688050F1F3A}.Release|Any CPU.ActiveCfg = Release|Any CPU
		{4CBD9D59-8854-48AC-8447-A688050F1F3A}.Release|Any CPU.Build.0 = Release|Any CPU
		{4CBD9D59-8854-48AC-8447-A688050F1F3A}.Release|Any CPU.Deploy.0 = Release|Any CPU
		{4CBD9D59-8854-48AC-8447-A688050F1F3A}.Release|iPhone.ActiveCfg = Release|Any CPU
		{4CBD9D59-8854-48AC-8447-A688050F1F3A}.Release|iPhone.Build.0 = Release|Any CPU
		{4CBD9D59-8854-48AC-8447-A688050F1F3A}.Release|iPhone.Deploy.0 = Release|Any CPU
		{4CBD9D59-8854-48AC-8447-A688050F1F3A}.Release|iPhoneSimulator.ActiveCfg = Release|Any CPU
		{4CBD9D59-8854-48AC-8447-A688050F1F3A}.Release|iPhoneSimulator.Build.0 = Release|Any CPU
		{4CBD9D59-8854-48AC-8447-A688050F1F3A}.Release|iPhoneSimulator.Deploy.0 = Release|Any CPU
		{48A242D0-1669-4A4E-BB40-A2081847E4BA}.Ad-Hoc|Any CPU.ActiveCfg = Ad-Hoc|iPhone
		{48A242D0-1669-4A4E-BB40-A2081847E4BA}.Ad-Hoc|iPhone.ActiveCfg = Ad-Hoc|iPhone
		{48A242D0-1669-4A4E-BB40-A2081847E4BA}.Ad-Hoc|iPhone.Build.0 = Ad-Hoc|iPhone
		{48A242D0-1669-4A4E-BB40-A2081847E4BA}.Ad-Hoc|iPhoneSimulator.ActiveCfg = Ad-Hoc|iPhoneSimulator
		{48A242D0-1669-4A4E-BB40-A2081847E4BA}.Ad-Hoc|iPhoneSimulator.Build.0 = Ad-Hoc|iPhoneSimulator
		{48A242D0-1669-4A4E-BB40-A2081847E4BA}.AppStore|Any CPU.ActiveCfg = AppStore|iPhone
		{48A242D0-1669-4A4E-BB40-A2081847E4BA}.AppStore|iPhone.ActiveCfg = AppStore|iPhone
		{48A242D0-1669-4A4E-BB40-A2081847E4BA}.AppStore|iPhone.Build.0 = AppStore|iPhone
		{48A242D0-1669-4A4E-BB40-A2081847E4BA}.AppStore|iPhoneSimulator.ActiveCfg = AppStore|iPhoneSimulator
		{48A242D0-1669-4A4E-BB40-A2081847E4BA}.AppStore|iPhoneSimulator.Build.0 = AppStore|iPhoneSimulator
		{48A242D0-1669-4A4E-BB40-A2081847E4BA}.Debug|Any CPU.ActiveCfg = Debug|iPhone
		{48A242D0-1669-4A4E-BB40-A2081847E4BA}.Debug|iPhone.ActiveCfg = Debug|iPhone
		{48A242D0-1669-4A4E-BB40-A2081847E4BA}.Debug|iPhone.Build.0 = Debug|iPhone
		{48A242D0-1669-4A4E-BB40-A2081847E4BA}.Debug|iPhoneSimulator.ActiveCfg = Debug|iPhoneSimulator
		{48A242D0-1669-4A4E-BB40-A2081847E4BA}.Debug|iPhoneSimulator.Build.0 = Debug|iPhoneSimulator
		{48A242D0-1669-4A4E-BB40-A2081847E4BA}.Release|Any CPU.ActiveCfg = Release|iPhone
		{48A242D0-1669-4A4E-BB40-A2081847E4BA}.Release|iPhone.ActiveCfg = Release|iPhone
		{48A242D0-1669-4A4E-BB40-A2081847E4BA}.Release|iPhone.Build.0 = Release|iPhone
		{48A242D0-1669-4A4E-BB40-A2081847E4BA}.Release|iPhoneSimulator.ActiveCfg = Release|iPhoneSimulator
		{48A242D0-1669-4A4E-BB40-A2081847E4BA}.Release|iPhoneSimulator.Build.0 = Release|iPhoneSimulator
		{C2A8D1CC-F69C-446D-9B52-A1BCD85838C8}.Ad-Hoc|Any CPU.ActiveCfg = Debug|Any CPU
		{C2A8D1CC-F69C-446D-9B52-A1BCD85838C8}.Ad-Hoc|Any CPU.Build.0 = Debug|Any CPU
		{C2A8D1CC-F69C-446D-9B52-A1BCD85838C8}.Ad-Hoc|iPhone.ActiveCfg = Debug|Any CPU
		{C2A8D1CC-F69C-446D-9B52-A1BCD85838C8}.Ad-Hoc|iPhone.Build.0 = Debug|Any CPU
		{C2A8D1CC-F69C-446D-9B52-A1BCD85838C8}.Ad-Hoc|iPhoneSimulator.ActiveCfg = Debug|Any CPU
		{C2A8D1CC-F69C-446D-9B52-A1BCD85838C8}.Ad-Hoc|iPhoneSimulator.Build.0 = Debug|Any CPU
		{C2A8D1CC-F69C-446D-9B52-A1BCD85838C8}.AppStore|Any CPU.ActiveCfg = Debug|Any CPU
		{C2A8D1CC-F69C-446D-9B52-A1BCD85838C8}.AppStore|Any CPU.Build.0 = Debug|Any CPU
		{C2A8D1CC-F69C-446D-9B52-A1BCD85838C8}.AppStore|iPhone.ActiveCfg = Debug|Any CPU
		{C2A8D1CC-F69C-446D-9B52-A1BCD85838C8}.AppStore|iPhone.Build.0 = Debug|Any CPU
		{C2A8D1CC-F69C-446D-9B52-A1BCD85838C8}.AppStore|iPhoneSimulator.ActiveCfg = Debug|Any CPU
		{C2A8D1CC-F69C-446D-9B52-A1BCD85838C8}.AppStore|iPhoneSimulator.Build.0 = Debug|Any CPU
		{C2A8D1CC-F69C-446D-9B52-A1BCD85838C8}.Debug|Any CPU.ActiveCfg = Debug|Any CPU
		{C2A8D1CC-F69C-446D-9B52-A1BCD85838C8}.Debug|Any CPU.Build.0 = Debug|Any CPU
		{C2A8D1CC-F69C-446D-9B52-A1BCD85838C8}.Debug|iPhone.ActiveCfg = Debug|Any CPU
		{C2A8D1CC-F69C-446D-9B52-A1BCD85838C8}.Debug|iPhone.Build.0 = Debug|Any CPU
		{C2A8D1CC-F69C-446D-9B52-A1BCD85838C8}.Debug|iPhoneSimulator.ActiveCfg = Debug|Any CPU
		{C2A8D1CC-F69C-446D-9B52-A1BCD85838C8}.Debug|iPhoneSimulator.Build.0 = Debug|Any CPU
		{C2A8D1CC-F69C-446D-9B52-A1BCD85838C8}.Release|Any CPU.ActiveCfg = Release|Any CPU
		{C2A8D1CC-F69C-446D-9B52-A1BCD85838C8}.Release|Any CPU.Build.0 = Release|Any CPU
		{C2A8D1CC-F69C-446D-9B52-A1BCD85838C8}.Release|iPhone.ActiveCfg = Release|Any CPU
		{C2A8D1CC-F69C-446D-9B52-A1BCD85838C8}.Release|iPhone.Build.0 = Release|Any CPU
		{C2A8D1CC-F69C-446D-9B52-A1BCD85838C8}.Release|iPhoneSimulator.ActiveCfg = Release|Any CPU
		{C2A8D1CC-F69C-446D-9B52-A1BCD85838C8}.Release|iPhoneSimulator.Build.0 = Release|Any CPU
	EndGlobalSection
	GlobalSection(SolutionProperties) = preSolution
		HideSolutionNode = FALSE
	EndGlobalSection
	GlobalSection(ExtensibilityGlobals) = postSolution
		SolutionGuid = {C84547F4-1225-4ED2-BF68-B9BE8C50DAB8}
	EndGlobalSection
EndGlobal
